Microsoft Visual Studio Solution File, Format Version 12.00
# Visual Studio Version 17
VisualStudioVersion = 17.13.35931.197
MinimumVisualStudioVersion = 10.0.40219.1
Project("{FAE04EC0-301F-11D3-BF4B-00C04F79EFBC}") = "1.divide_dos_numeros", "1.divide_dos_numeros.csproj", "{DF9BCCB8-6255-4EBD-98D3-4659F83A15F7}"
EndProject
Project("{FAE04EC0-301F-11D3-BF4B-00C04F79EFBC}") = "ingresa_dos_numeros_y_multiplica", "..\ingresa_dos_numeros_y_multiplica\ingresa_dos_numeros_y_multiplica.csproj", "{BA6332BB-02EA-4A6F-813D-6736B9EF3AF2}"
EndProject
Project("{FAE04EC0-301F-11D3-BF4B-00C04F79EFBC}") = "numero primo o no", "..\numero primo o no\numero primo o no.csproj", "{F59F0409-81C5-4C97-A604-AA505CB6FE95}"
EndProject
Project("{FAE04EC0-301F-11D3-BF4B-00C04F79EFBC}") = "impares 1 al 30", "..\impares 1 al 30\impares 1 al 30.csproj", "{2C7A95E1-F46F-48FF-A5CC-8CD0E2247ACB}"
EndProject
Project("{FAE04EC0-301F-11D3-BF4B-00C04F79EFBC}") = "fibonacci 1 al 50", "..\fibonacci 1 al 50\fibonacci 1 al 50.csproj", "{073763DD-0FC1-4F48-860B-CAF03C4ACA8B}"
EndProject
Project("{FAE04EC0-301F-11D3-BF4B-00C04F79EFBC}") = "cudratica", "..\cudratica\cudratica.csproj", "{038D5106-4F10-4EF2-A2F0-A49579428625}"
EndProject
Global
	GlobalSection(SolutionConfigurationPlatforms) = preSolution
		Debug|Any CPU = Debug|Any CPU
		Release|Any CPU = Release|Any CPU
	EndGlobalSection
	GlobalSection(ProjectConfigurationPlatforms) = postSolution
		{DF9BCCB8-6255-4EBD-98D3-4659F83A15F7}.Debug|Any CPU.ActiveCfg = Debug|Any CPU
		{DF9BCCB8-6255-4EBD-98D3-4659F83A15F7}.Debug|Any CPU.Build.0 = Debug|Any CPU
		{DF9BCCB8-6255-4EBD-98D3-4659F83A15F7}.Release|Any CPU.ActiveCfg = Release|Any CPU
		{DF9BCCB8-6255-4EBD-98D3-4659F83A15F7}.Release|Any CPU.Build.0 = Release|Any CPU
		{BA6332BB-02EA-4A6F-813D-6736B9EF3AF2}.Debug|Any CPU.ActiveCfg = Debug|Any CPU
		{BA6332BB-02EA-4A6F-813D-6736B9EF3AF2}.Debug|Any CPU.Build.0 = Debug|Any CPU
		{BA6332BB-02EA-4A6F-813D-6736B9EF3AF2}.Release|Any CPU.ActiveCfg = Release|Any CPU
		{BA6332BB-02EA-4A6F-813D-6736B9EF3AF2}.Release|Any CPU.Build.0 = Release|Any CPU
		{F59F0409-81C5-4C97-A604-AA505CB6FE95}.Debug|Any CPU.ActiveCfg = Debug|Any CPU
		{F59F0409-81C5-4C97-A604-AA505CB6FE95}.Debug|Any CPU.Build.0 = Debug|Any CPU
		{F59F0409-81C5-4C97-A604-AA505CB6FE95}.Release|Any CPU.ActiveCfg = Release|Any CPU
		{F59F0409-81C5-4C97-A604-AA505CB6FE95}.Release|Any CPU.Build.0 = Release|Any CPU
		{2C7A95E1-F46F-48FF-A5CC-8CD0E2247ACB}.Debug|Any CPU.ActiveCfg = Debug|Any CPU
		{2C7A95E1-F46F-48FF-A5CC-8CD0E2247ACB}.Debug|Any CPU.Build.0 = Debug|Any CPU
		{2C7A95E1-F46F-48FF-A5CC-8CD0E2247ACB}.Release|Any CPU.ActiveCfg = Release|Any CPU
		{2C7A95E1-F46F-48FF-A5CC-8CD0E2247ACB}.Release|Any CPU.Build.0 = Release|Any CPU
		{073763DD-0FC1-4F48-860B-CAF03C4ACA8B}.Debug|Any CPU.ActiveCfg = Debug|Any CPU
		{073763DD-0FC1-4F48-860B-CAF03C4ACA8B}.Debug|Any CPU.Build.0 = Debug|Any CPU
		{073763DD-0FC1-4F48-860B-CAF03C4ACA8B}.Release|Any CPU.ActiveCfg = Release|Any CPU
		{073763DD-0FC1-4F48-860B-CAF03C4ACA8B}.Release|Any CPU.Build.0 = Release|Any CPU
		{038D5106-4F10-4EF2-A2F0-A49579428625}.Debug|Any CPU.ActiveCfg = Debug|Any CPU
		{038D5106-4F10-4EF2-A2F0-A49579428625}.Debug|Any CPU.Build.0 = Debug|Any CPU
		{038D5106-4F10-4EF2-A2F0-A49579428625}.Release|Any CPU.ActiveCfg = Release|Any CPU
		{038D5106-4F10-4EF2-A2F0-A49579428625}.Release|Any CPU.Build.0 = Release|Any CPU
	EndGlobalSection
	GlobalSection(SolutionProperties) = preSolution
		HideSolutionNode = FALSE
	EndGlobalSection
	GlobalSection(ExtensibilityGlobals) = postSolution
		SolutionGuid = {74976954-8B24-4975-8E44-60E2373A3477}
	EndGlobalSection
EndGlobal
